
Microsoft Visual Studio Solution File, Format Version 12.00
# Visual Studio Version 17
VisualStudioVersion = 17.13.35806.99
MinimumVisualStudioVersion = 10.0.40219.1
Project("{FAE04EC0-301F-11D3-BF4B-00C04F79EFBC}") = "Entities", "Entities\Entities.csproj", "{3322B829-4AB5-445B-A54B-A9B6D099E813}"
EndProject
Project("{FAE04EC0-301F-11D3-BF4B-00C04F79EFBC}") = "DAL", "DAL\DAL.csproj", "{38E564CC-5B44-4BC2-9547-B26E5B80B27F}"
EndProject
Project("{FAE04EC0-301F-11D3-BF4B-00C04F79EFBC}") = "BackEnd", "BackEnd\BackEnd.csproj", "{18069A29-3BD9-483B-A3D9-F1A22EE64E88}"
EndProject
Project("{FAE04EC0-301F-11D3-BF4B-00C04F79EFBC}") = "FrontEnd", "FrontEnd\FrontEnd.csproj", "{A7A49357-251E-48AC-AA20-52B82000BF8E}"
EndProject
Global
	GlobalSection(SolutionConfigurationPlatforms) = preSolution
		Debug|Any CPU = Debug|Any CPU
		Release|Any CPU = Release|Any CPU
	EndGlobalSection
	GlobalSection(ProjectConfigurationPlatforms) = postSolution
		{3322B829-4AB5-445B-A54B-A9B6D099E813}.Debug|Any CPU.ActiveCfg = Debug|Any CPU
		{3322B829-4AB5-445B-A54B-A9B6D099E813}.Debug|Any CPU.Build.0 = Debug|Any CPU
		{3322B829-4AB5-445B-A54B-A9B6D099E813}.Release|Any CPU.ActiveCfg = Release|Any CPU
		{3322B829-4AB5-445B-A54B-A9B6D099E813}.Release|Any CPU.Build.0 = Release|Any CPU
		{38E564CC-5B44-4BC2-9547-B26E5B80B27F}.Debug|Any CPU.ActiveCfg = Debug|Any CPU
		{38E564CC-5B44-4BC2-9547-B26E5B80B27F}.Debug|Any CPU.Build.0 = Debug|Any CPU
		{38E564CC-5B44-4BC2-9547-B26E5B80B27F}.Release|Any CPU.ActiveCfg = Release|Any CPU
		{38E564CC-5B44-4BC2-9547-B26E5B80B27F}.Release|Any CPU.Build.0 = Release|Any CPU
		{18069A29-3BD9-483B-A3D9-F1A22EE64E88}.Debug|Any CPU.ActiveCfg = Debug|Any CPU
		{18069A29-3BD9-483B-A3D9-F1A22EE64E88}.Debug|Any CPU.Build.0 = Debug|Any CPU
		{18069A29-3BD9-483B-A3D9-F1A22EE64E88}.Release|Any CPU.ActiveCfg = Release|Any CPU
		{18069A29-3BD9-483B-A3D9-F1A22EE64E88}.Release|Any CPU.Build.0 = Release|Any CPU
		{A7A49357-251E-48AC-AA20-52B82000BF8E}.Debug|Any CPU.ActiveCfg = Debug|Any CPU
		{A7A49357-251E-48AC-AA20-52B82000BF8E}.Debug|Any CPU.Build.0 = Debug|Any CPU
		{A7A49357-251E-48AC-AA20-52B82000BF8E}.Release|Any CPU.ActiveCfg = Release|Any CPU
		{A7A49357-251E-48AC-AA20-52B82000BF8E}.Release|Any CPU.Build.0 = Release|Any CPU
	EndGlobalSection
	GlobalSection(SolutionProperties) = preSolution
		HideSolutionNode = FALSE
	EndGlobalSection
	GlobalSection(ExtensibilityGlobals) = postSolution
		SolutionGuid = {C1774062-E3B5-462F-8C18-F0367733BD00}
	EndGlobalSection
EndGlobal
